// !$*UTF8*$!
{
	archiveVersion = 1;
	classes = {
	};
	objectVersion = 56;
	objects = {

/* Begin PBXBuildFile section */
		E50062E62A85BAFC00EA41FE /* AppDelegate.swift in Sources */ = {isa = PBXBuildFile; fileRef = E50062E52A85BAFC00EA41FE /* AppDelegate.swift */; };
		E50062E82A85BAFC00EA41FE /* SceneDelegate.swift in Sources */ = {isa = PBXBuildFile; fileRef = E50062E72A85BAFC00EA41FE /* SceneDelegate.swift */; };
		E50062EA2A85BAFC00EA41FE /* NewsListViewController.swift in Sources */ = {isa = PBXBuildFile; fileRef = E50062E92A85BAFC00EA41FE /* NewsListViewController.swift */; };
		E50062ED2A85BAFC00EA41FE /* Main.storyboard in Resources */ = {isa = PBXBuildFile; fileRef = E50062EB2A85BAFC00EA41FE /* Main.storyboard */; };
		E50062EF2A85BAFD00EA41FE /* Assets.xcassets in Resources */ = {isa = PBXBuildFile; fileRef = E50062EE2A85BAFD00EA41FE /* Assets.xcassets */; };
		E50062F22A85BAFD00EA41FE /* LaunchScreen.storyboard in Resources */ = {isa = PBXBuildFile; fileRef = E50062F02A85BAFD00EA41FE /* LaunchScreen.storyboard */; };
		E50062FD2A85C3B800EA41FE /* NewsList.json in Resources */ = {isa = PBXBuildFile; fileRef = E50062FC2A85C3B800EA41FE /* NewsList.json */; };
		E50063002A85C47000EA41FE /* SourceModel.swift in Sources */ = {isa = PBXBuildFile; fileRef = E50062FF2A85C47000EA41FE /* SourceModel.swift */; };
		E50063022A85C4D300EA41FE /* NewsModel.swift in Sources */ = {isa = PBXBuildFile; fileRef = E50063012A85C4D300EA41FE /* NewsModel.swift */; };
		E50063052A85C5FB00EA41FE /* NewsListRepository.swift in Sources */ = {isa = PBXBuildFile; fileRef = E50063042A85C5FB00EA41FE /* NewsListRepository.swift */; };
		E50063082A85CE9500EA41FE /* GenericDataProvider.swift in Sources */ = {isa = PBXBuildFile; fileRef = E50063072A85CE9500EA41FE /* GenericDataProvider.swift */; };
		E500DC602A8710B900C68E63 /* NewsListLocalDataProvider.swift in Sources */ = {isa = PBXBuildFile; fileRef = E500DC5F2A8710B900C68E63 /* NewsListLocalDataProvider.swift */; };
		E500DC632A8739F400C68E63 /* NewsTableViewCell.swift in Sources */ = {isa = PBXBuildFile; fileRef = E500DC612A8739F400C68E63 /* NewsTableViewCell.swift */; };
		E500DC642A8739F400C68E63 /* NewsTableViewCell.xib in Resources */ = {isa = PBXBuildFile; fileRef = E500DC622A8739F400C68E63 /* NewsTableViewCell.xib */; };
		E50875E92A89631C00DFB66E /* SystemExtensions.swift in Sources */ = {isa = PBXBuildFile; fileRef = E50875E82A89631C00DFB66E /* SystemExtensions.swift */; };
		E53F4CFB2A87FBF100E64713 /* no-image.png in Resources */ = {isa = PBXBuildFile; fileRef = E53F4CFA2A87FBF100E64713 /* no-image.png */; };
/* End PBXBuildFile section */

/* Begin PBXFileReference section */
		E50062E22A85BAFC00EA41FE /* MyNewsApp.app */ = {isa = PBXFileReference; explicitFileType = wrapper.application; includeInIndex = 0; path = MyNewsApp.app; sourceTree = BUILT_PRODUCTS_DIR; };
		E50062E52A85BAFC00EA41FE /* AppDelegate.swift */ = {isa = PBXFileReference; lastKnownFileType = sourcecode.swift; path = AppDelegate.swift; sourceTree = "<group>"; };
		E50062E72A85BAFC00EA41FE /* SceneDelegate.swift */ = {isa = PBXFileReference; lastKnownFileType = sourcecode.swift; path = SceneDelegate.swift; sourceTree = "<group>"; };
		E50062E92A85BAFC00EA41FE /* NewsListViewController.swift */ = {isa = PBXFileReference; lastKnownFileType = sourcecode.swift; path = NewsListViewController.swift; sourceTree = "<group>"; };
		E50062EC2A85BAFC00EA41FE /* Base */ = {isa = PBXFileReference; lastKnownFileType = file.storyboard; name = Base; path = Base.lproj/Main.storyboard; sourceTree = "<group>"; };
		E50062EE2A85BAFD00EA41FE /* Assets.xcassets */ = {isa = PBXFileReference; lastKnownFileType = folder.assetcatalog; path = Assets.xcassets; sourceTree = "<group>"; };
		E50062F12A85BAFD00EA41FE /* Base */ = {isa = PBXFileReference; lastKnownFileType = file.storyboard; name = Base; path = Base.lproj/LaunchScreen.storyboard; sourceTree = "<group>"; };
		E50062F32A85BAFD00EA41FE /* Info.plist */ = {isa = PBXFileReference; lastKnownFileType = text.plist.xml; path = Info.plist; sourceTree = "<group>"; };
		E50062FC2A85C3B800EA41FE /* NewsList.json */ = {isa = PBXFileReference; lastKnownFileType = text.json; path = NewsList.json; sourceTree = "<group>"; };
		E50062FF2A85C47000EA41FE /* SourceModel.swift */ = {isa = PBXFileReference; lastKnownFileType = sourcecode.swift; path = SourceModel.swift; sourceTree = "<group>"; };
		E50063012A85C4D300EA41FE /* NewsModel.swift */ = {isa = PBXFileReference; lastKnownFileType = sourcecode.swift; path = NewsModel.swift; sourceTree = "<group>"; };
		E50063042A85C5FB00EA41FE /* NewsListRepository.swift */ = {isa = PBXFileReference; lastKnownFileType = sourcecode.swift; path = NewsListRepository.swift; sourceTree = "<group>"; };
		E50063072A85CE9500EA41FE /* GenericDataProvider.swift */ = {isa = PBXFileReference; lastKnownFileType = sourcecode.swift; path = GenericDataProvider.swift; sourceTree = "<group>"; };
		E500DC5F2A8710B900C68E63 /* NewsListLocalDataProvider.swift */ = {isa = PBXFileReference; lastKnownFileType = sourcecode.swift; path = NewsListLocalDataProvider.swift; sourceTree = "<group>"; };
		E500DC612A8739F400C68E63 /* NewsTableViewCell.swift */ = {isa = PBXFileReference; lastKnownFileType = sourcecode.swift; path = NewsTableViewCell.swift; sourceTree = "<group>"; };
		E500DC622A8739F400C68E63 /* NewsTableViewCell.xib */ = {isa = PBXFileReference; lastKnownFileType = file.xib; path = NewsTableViewCell.xib; sourceTree = "<group>"; };
		E50875E82A89631C00DFB66E /* SystemExtensions.swift */ = {isa = PBXFileReference; lastKnownFileType = sourcecode.swift; path = SystemExtensions.swift; sourceTree = "<group>"; };
		E53F4CFA2A87FBF100E64713 /* no-image.png */ = {isa = PBXFileReference; lastKnownFileType = image.png; path = "no-image.png"; sourceTree = "<group>"; };
/* End PBXFileReference section */

/* Begin PBXFrameworksBuildPhase section */
		E50062DF2A85BAFC00EA41FE /* Frameworks */ = {
			isa = PBXFrameworksBuildPhase;
			buildActionMask = 2147483647;
			files = (
			);
			runOnlyForDeploymentPostprocessing = 0;
		};
/* End PBXFrameworksBuildPhase section */

/* Begin PBXGroup section */
		E50062D92A85BAFC00EA41FE = {
			isa = PBXGroup;
			children = (
				E50062E42A85BAFC00EA41FE /* MyNewsApp */,
				E50062E32A85BAFC00EA41FE /* Products */,
			);
			sourceTree = "<group>";
		};
		E50062E32A85BAFC00EA41FE /* Products */ = {
			isa = PBXGroup;
			children = (
				E50062E22A85BAFC00EA41FE /* MyNewsApp.app */,
			);
			name = Products;
			sourceTree = "<group>";
		};
		E50062E42A85BAFC00EA41FE /* MyNewsApp */ = {
			isa = PBXGroup;
			children = (
				E50063062A85CE4200EA41FE /* DataProvider */,
				E50062FE2A85C42B00EA41FE /* Models */,
				E50062FB2A85C26700EA41FE /* Views */,
				E50062FA2A85C24300EA41FE /* Controllers */,
				E50062F92A85C20100EA41FE /* SupportingFiles */,
				E50062EE2A85BAFD00EA41FE /* Assets.xcassets */,
				E50062F32A85BAFD00EA41FE /* Info.plist */,
			);
			path = MyNewsApp;
			sourceTree = "<group>";
		};
		E50062F92A85C20100EA41FE /* SupportingFiles */ = {
			isa = PBXGroup;
			children = (
				E53F4CFA2A87FBF100E64713 /* no-image.png */,
				E50062E72A85BAFC00EA41FE /* SceneDelegate.swift */,
				E50062E52A85BAFC00EA41FE /* AppDelegate.swift */,
				E50875E82A89631C00DFB66E /* SystemExtensions.swift */,
				E50062FC2A85C3B800EA41FE /* NewsList.json */,
			);
			path = SupportingFiles;
			sourceTree = "<group>";
		};
		E50062FA2A85C24300EA41FE /* Controllers */ = {
			isa = PBXGroup;
			children = (
				E50062E92A85BAFC00EA41FE /* NewsListViewController.swift */,
				E500DC612A8739F400C68E63 /* NewsTableViewCell.swift */,
			);
			path = Controllers;
			sourceTree = "<group>";
		};
		E50062FB2A85C26700EA41FE /* Views */ = {
			isa = PBXGroup;
			children = (
				E50062EB2A85BAFC00EA41FE /* Main.storyboard */,
				E50062F02A85BAFD00EA41FE /* LaunchScreen.storyboard */,
				E500DC622A8739F400C68E63 /* NewsTableViewCell.xib */,
			);
			path = Views;
			sourceTree = "<group>";
		};
		E50062FE2A85C42B00EA41FE /* Models */ = {
			isa = PBXGroup;
			children = (
				E50062FF2A85C47000EA41FE /* SourceModel.swift */,
				E50063012A85C4D300EA41FE /* NewsModel.swift */,
			);
			path = Models;
			sourceTree = "<group>";
		};
		E50063032A85C5BB00EA41FE /* LocalRepository */ = {
			isa = PBXGroup;
			children = (
				E50063042A85C5FB00EA41FE /* NewsListRepository.swift */,
			);
			path = LocalRepository;
			sourceTree = "<group>";
		};
		E50063062A85CE4200EA41FE /* DataProvider */ = {
			isa = PBXGroup;
			children = (
				E500DC5F2A8710B900C68E63 /* NewsListLocalDataProvider.swift */,
				E50063072A85CE9500EA41FE /* GenericDataProvider.swift */,
				E50063032A85C5BB00EA41FE /* LocalRepository */,
			);
			path = DataProvider;
			sourceTree = "<group>";
		};
/* End PBXGroup section */

/* Begin PBXNativeTarget section */
		E50062E12A85BAFC00EA41FE /* MyNewsApp */ = {
			isa = PBXNativeTarget;
			buildConfigurationList = E50062F62A85BAFD00EA41FE /* Build configuration list for PBXNativeTarget "MyNewsApp" */;
			buildPhases = (
				E50062DE2A85BAFC00EA41FE /* Sources */,
				E50062DF2A85BAFC00EA41FE /* Frameworks */,
				E50062E02A85BAFC00EA41FE /* Resources */,
			);
			buildRules = (
			);
			dependencies = (
			);
			name = MyNewsApp;
			productName = MyNewsApp;
			productReference = E50062E22A85BAFC00EA41FE /* MyNewsApp.app */;
			productType = "com.apple.product-type.application";
		};
/* End PBXNativeTarget section */

/* Begin PBXProject section */
		E50062DA2A85BAFC00EA41FE /* Project object */ = {
			isa = PBXProject;
			attributes = {
				BuildIndependentTargetsInParallel = 1;
				LastSwiftUpdateCheck = 1430;
				LastUpgradeCheck = 1430;
				TargetAttributes = {
					E50062E12A85BAFC00EA41FE = {
						CreatedOnToolsVersion = 14.3.1;
					};
				};
			};
			buildConfigurationList = E50062DD2A85BAFC00EA41FE /* Build configuration list for PBXProject "MyNewsApp" */;
			compatibilityVersion = "Xcode 14.0";
			developmentRegion = en;
			hasScannedForEncodings = 0;
			knownRegions = (
				en,
				Base,
			);
			mainGroup = E50062D92A85BAFC00EA41FE;
			productRefGroup = E50062E32A85BAFC00EA41FE /* Products */;
			projectDirPath = "";
			projectRoot = "";
			targets = (
				E50062E12A85BAFC00EA41FE /* MyNewsApp */,
			);
		};
/* End PBXProject section */

/* Begin PBXResourcesBuildPhase section */
		E50062E02A85BAFC00EA41FE /* Resources */ = {
			isa = PBXResourcesBuildPhase;
			buildActionMask = 2147483647;
			files = (
				E53F4CFB2A87FBF100E64713 /* no-image.png in Resources */,
				E50062F22A85BAFD00EA41FE /* LaunchScreen.storyboard in Resources */,
				E50062EF2A85BAFD00EA41FE /* Assets.xcassets in Resources */,
				E50062FD2A85C3B800EA41FE /* NewsList.json in Resources */,
				E50062ED2A85BAFC00EA41FE /* Main.storyboard in Resources */,
				E500DC642A8739F400C68E63 /* NewsTableViewCell.xib in Resources */,
			);
			runOnlyForDeploymentPostprocessing = 0;
		};
/* End PBXResourcesBuildPhase section */

/* Begin PBXSourcesBuildPhase section */
		E50062DE2A85BAFC00EA41FE /* Sources */ = {
			isa = PBXSourcesBuildPhase;
			buildActionMask = 2147483647;
			files = (
				E50875E92A89631C00DFB66E /* SystemExtensions.swift in Sources */,
				E50062EA2A85BAFC00EA41FE /* NewsListViewController.swift in Sources */,
				E50062E62A85BAFC00EA41FE /* AppDelegate.swift in Sources */,
				E50063002A85C47000EA41FE /* SourceModel.swift in Sources */,
				E500DC602A8710B900C68E63 /* NewsListLocalDataProvider.swift in Sources */,
				E50062E82A85BAFC00EA41FE /* SceneDelegate.swift in Sources */,
				E50063082A85CE9500EA41FE /* GenericDataProvider.swift in Sources */,
				E50063052A85C5FB00EA41FE /* NewsListRepository.swift in Sources */,
				E50063022A85C4D300EA41FE /* NewsModel.swift in Sources */,
				E500DC632A8739F400C68E63 /* NewsTableViewCell.swift in Sources */,
			);
			runOnlyForDeploymentPostprocessing = 0;
		};
/* End PBXSourcesBuildPhase section */

/* Begin PBXVariantGroup section */
		E50062EB2A85BAFC00EA41FE /* Main.storyboard */ = {
			isa = PBXVariantGroup;
			children = (
				E50062EC2A85BAFC00EA41FE /* Base */,
			);
			name = Main.storyboard;
			sourceTree = "<group>";
		};
		E50062F02A85BAFD00EA41FE /* LaunchScreen.storyboard */ = {
			isa = PBXVariantGroup;
			children = (
				E50062F12A85BAFD00EA41FE /* Base */,
			);
			name = LaunchScreen.storyboard;
			sourceTree = "<group>";
		};
/* End PBXVariantGroup section */

/* Begin XCBuildConfiguration section */
		E50062F42A85BAFD00EA41FE /* Debug */ = {
			isa = XCBuildConfiguration;
			buildSettings = {
				ALWAYS_SEARCH_USER_PATHS = NO;
				CLANG_ANALYZER_NONNULL = YES;
				CLANG_ANALYZER_NUMBER_OBJECT_CONVERSION = YES_AGGRESSIVE;
				CLANG_CXX_LANGUAGE_STANDARD = "gnu++20";
				CLANG_ENABLE_MODULES = YES;
				CLANG_ENABLE_OBJC_ARC = YES;
				CLANG_ENABLE_OBJC_WEAK = YES;
				CLANG_WARN_BLOCK_CAPTURE_AUTORELEASING = YES;
				CLANG_WARN_BOOL_CONVERSION = YES;
				CLANG_WARN_COMMA = YES;
				CLANG_WARN_CONSTANT_CONVERSION = YES;
				CLANG_WARN_DEPRECATED_OBJC_IMPLEMENTATIONS = YES;
				CLANG_WARN_DIRECT_OBJC_ISA_USAGE = YES_ERROR;
				CLANG_WARN_DOCUMENTATION_COMMENTS = YES;
				CLANG_WARN_EMPTY_BODY = YES;
				CLANG_WARN_ENUM_CONVERSION = YES;
				CLANG_WARN_INFINITE_RECURSION = YES;
				CLANG_WARN_INT_CONVERSION = YES;
				CLANG_WARN_NON_LITERAL_NULL_CONVERSION = YES;
				CLANG_WARN_OBJC_IMPLICIT_RETAIN_SELF = YES;
				CLANG_WARN_OBJC_LITERAL_CONVERSION = YES;
				CLANG_WARN_OBJC_ROOT_CLASS = YES_ERROR;
				CLANG_WARN_QUOTED_INCLUDE_IN_FRAMEWORK_HEADER = YES;
				CLANG_WARN_RANGE_LOOP_ANALYSIS = YES;
				CLANG_WARN_STRICT_PROTOTYPES = YES;
				CLANG_WARN_SUSPICIOUS_MOVE = YES;
				CLANG_WARN_UNGUARDED_AVAILABILITY = YES_AGGRESSIVE;
				CLANG_WARN_UNREACHABLE_CODE = YES;
				CLANG_WARN__DUPLICATE_METHOD_MATCH = YES;
				COPY_PHASE_STRIP = NO;
				DEBUG_INFORMATION_FORMAT = dwarf;
				ENABLE_STRICT_OBJC_MSGSEND = YES;
				ENABLE_TESTABILITY = YES;
				GCC_C_LANGUAGE_STANDARD = gnu11;
				GCC_DYNAMIC_NO_PIC = NO;
				GCC_NO_COMMON_BLOCKS = YES;
				GCC_OPTIMIZATION_LEVEL = 0;
				GCC_PREPROCESSOR_DEFINITIONS = (
					"DEBUG=1",
					"$(inherited)",
				);
				GCC_WARN_64_TO_32_BIT_CONVERSION = YES;
				GCC_WARN_ABOUT_RETURN_TYPE = YES_ERROR;
				GCC_WARN_UNDECLARED_SELECTOR = YES;
				GCC_WARN_UNINITIALIZED_AUTOS = YES_AGGRESSIVE;
				GCC_WARN_UNUSED_FUNCTION = YES;
				GCC_WARN_UNUSED_VARIABLE = YES;
				IPHONEOS_DEPLOYMENT_TARGET = 16.4;
				MTL_ENABLE_DEBUG_INFO = INCLUDE_SOURCE;
				MTL_FAST_MATH = YES;
				ONLY_ACTIVE_ARCH = YES;
				SDKROOT = iphoneos;
				SWIFT_ACTIVE_COMPILATION_CONDITIONS = DEBUG;
				SWIFT_OPTIMIZATION_LEVEL = "-Onone";
			};
			name = Debug;
		};
		E50062F52A85BAFD00EA41FE /* Release */ = {
			isa = XCBuildConfiguration;
			buildSettings = {
				ALWAYS_SEARCH_USER_PATHS = NO;
				CLANG_ANALYZER_NONNULL = YES;
				CLANG_ANALYZER_NUMBER_OBJECT_CONVERSION = YES_AGGRESSIVE;
				CLANG_CXX_LANGUAGE_STANDARD = "gnu++20";
				CLANG_ENABLE_MODULES = YES;
				CLANG_ENABLE_OBJC_ARC = YES;
				CLANG_ENABLE_OBJC_WEAK = YES;
				CLANG_WARN_BLOCK_CAPTURE_AUTORELEASING = YES;
				CLANG_WARN_BOOL_CONVERSION = YES;
				CLANG_WARN_COMMA = YES;
				CLANG_WARN_CONSTANT_CONVERSION = YES;
				CLANG_WARN_DEPRECATED_OBJC_IMPLEMENTATIONS = YES;
				CLANG_WARN_DIRECT_OBJC_ISA_USAGE = YES_ERROR;
				CLANG_WARN_DOCUMENTATION_COMMENTS = YES;
				CLANG_WARN_EMPTY_BODY = YES;
				CLANG_WARN_ENUM_CONVERSION = YES;
				CLANG_WARN_INFINITE_RECURSION = YES;
				CLANG_WARN_INT_CONVERSION = YES;
				CLANG_WARN_NON_LITERAL_NULL_CONVERSION = YES;
				CLANG_WARN_OBJC_IMPLICIT_RETAIN_SELF = YES;
				CLANG_WARN_OBJC_LITERAL_CONVERSION = YES;
				CLANG_WARN_OBJC_ROOT_CLASS = YES_ERROR;
				CLANG_WARN_QUOTED_INCLUDE_IN_FRAMEWORK_HEADER = YES;
				CLANG_WARN_RANGE_LOOP_ANALYSIS = YES;
				CLANG_WARN_STRICT_PROTOTYPES = YES;
				CLANG_WARN_SUSPICIOUS_MOVE = YES;
				CLANG_WARN_UNGUARDED_AVAILABILITY = YES_AGGRESSIVE;
				CLANG_WARN_UNREACHABLE_CODE = YES;
				CLANG_WARN__DUPLICATE_METHOD_MATCH = YES;
				COPY_PHASE_STRIP = NO;
				DEBUG_INFORMATION_FORMAT = "dwarf-with-dsym";
				ENABLE_NS_ASSERTIONS = NO;
				ENABLE_STRICT_OBJC_MSGSEND = YES;
				GCC_C_LANGUAGE_STANDARD = gnu11;
				GCC_NO_COMMON_BLOCKS = YES;
				GCC_WARN_64_TO_32_BIT_CONVERSION = YES;
				GCC_WARN_ABOUT_RETURN_TYPE = YES_ERROR;
				GCC_WARN_UNDECLARED_SELECTOR = YES;
				GCC_WARN_UNINITIALIZED_AUTOS = YES_AGGRESSIVE;
				GCC_WARN_UNUSED_FUNCTION = YES;
				GCC_WARN_UNUSED_VARIABLE = YES;
				IPHONEOS_DEPLOYMENT_TARGET = 16.4;
				MTL_ENABLE_DEBUG_INFO = NO;
				MTL_FAST_MATH = YES;
				SDKROOT = iphoneos;
				SWIFT_COMPILATION_MODE = wholemodule;
				SWIFT_OPTIMIZATION_LEVEL = "-O";
				VALIDATE_PRODUCT = YES;
			};
			name = Release;
		};
		E50062F72A85BAFD00EA41FE /* Debug */ = {
			isa = XCBuildConfiguration;
			buildSettings = {
				ASSETCATALOG_COMPILER_APPICON_NAME = AppIcon;
				ASSETCATALOG_COMPILER_GLOBAL_ACCENT_COLOR_NAME = AccentColor;
				CODE_SIGN_STYLE = Automatic;
				CURRENT_PROJECT_VERSION = 1;
				DEVELOPMENT_TEAM = WQDTW83U7J;
				GENERATE_INFOPLIST_FILE = YES;
				INFOPLIST_FILE = MyNewsApp/Info.plist;
				INFOPLIST_KEY_UIApplicationSupportsIndirectInputEvents = YES;
				INFOPLIST_KEY_UILaunchStoryboardName = LaunchScreen;
				INFOPLIST_KEY_UIMainStoryboardFile = Main;
				INFOPLIST_KEY_UISupportedInterfaceOrientations = UIInterfaceOrientationPortrait;
				INFOPLIST_KEY_UISupportedInterfaceOrientations_iPad = "UIInterfaceOrientationLandscapeLeft UIInterfaceOrientationLandscapeRight UIInterfaceOrientationPortrait UIInterfaceOrientationPortraitUpsideDown";
				LD_RUNPATH_SEARCH_PATHS = (
					"$(inherited)",
					"@executable_path/Frameworks",
				);
				MARKETING_VERSION = 1.0;
				PRODUCT_BUNDLE_IDENTIFIER = br.com.mynews.MyNewsApp;
				PRODUCT_NAME = "$(TARGET_NAME)";
				SUPPORTED_PLATFORMS = "iphoneos iphonesimulator";
				SUPPORTS_MACCATALYST = NO;
				SUPPORTS_MAC_DESIGNED_FOR_IPHONE_IPAD = NO;
				SWIFT_EMIT_LOC_STRINGS = YES;
				SWIFT_VERSION = 5.0;
				TARGETED_DEVICE_FAMILY = 1;
			};
			name = Debug;
		};
		E50062F82A85BAFD00EA41FE /* Release */ = {
			isa = XCBuildConfiguration;
			buildSettings = {
				ASSETCATALOG_COMPILER_APPICON_NAME = AppIcon;
				ASSETCATALOG_COMPILER_GLOBAL_ACCENT_COLOR_NAME = AccentColor;
				CODE_SIGN_STYLE = Automatic;
				CURRENT_PROJECT_VERSION = 1;
				DEVELOPMENT_TEAM = WQDTW83U7J;
				GENERATE_INFOPLIST_FILE = YES;
				INFOPLIST_FILE = MyNewsApp/Info.plist;
				INFOPLIST_KEY_UIApplicationSupportsIndirectInputEvents = YES;
				INFOPLIST_KEY_UILaunchStoryboardName = LaunchScreen;
				INFOPLIST_KEY_UIMainStoryboardFile = Main;
				INFOPLIST_KEY_UISupportedInterfaceOrientations = UIInterfaceOrientationPortrait;
				INFOPLIST_KEY_UISupportedInterfaceOrientations_iPad = "UIInterfaceOrientationLandscapeLeft UIInterfaceOrientationLandscapeRight UIInterfaceOrientationPortrait UIInterfaceOrientationPortraitUpsideDown";
				LD_RUNPATH_SEARCH_PATHS = (
					"$(inherited)",
					"@executable_path/Frameworks",
				);
				MARKETING_VERSION = 1.0;
				PRODUCT_BUNDLE_IDENTIFIER = br.com.mynews.MyNewsApp;
				PRODUCT_NAME = "$(TARGET_NAME)";
				SUPPORTED_PLATFORMS = "iphoneos iphonesimulator";
				SUPPORTS_MACCATALYST = NO;
				SUPPORTS_MAC_DESIGNED_FOR_IPHONE_IPAD = NO;
				SWIFT_EMIT_LOC_STRINGS = YES;
				SWIFT_VERSION = 5.0;
				TARGETED_DEVICE_FAMILY = 1;
			};
			name = Release;
		};
/* End XCBuildConfiguration section */

/* Begin XCConfigurationList section */
		E50062DD2A85BAFC00EA41FE /* Build configuration list for PBXProject "MyNewsApp" */ = {
			isa = XCConfigurationList;
			buildConfigurations = (
				E50062F42A85BAFD00EA41FE /* Debug */,
				E50062F52A85BAFD00EA41FE /* Release */,
			);
			defaultConfigurationIsVisible = 0;
			defaultConfigurationName = Release;
		};
		E50062F62A85BAFD00EA41FE /* Build configuration list for PBXNativeTarget "MyNewsApp" */ = {
			isa = XCConfigurationList;
			buildConfigurations = (
				E50062F72A85BAFD00EA41FE /* Debug */,
				E50062F82A85BAFD00EA41FE /* Release */,
			);
			defaultConfigurationIsVisible = 0;
			defaultConfigurationName = Release;
		};
/* End XCConfigurationList section */
	};
	rootObject = E50062DA2A85BAFC00EA41FE /* Project object */;
}
